
Microsoft Visual Studio Solution File, Format Version 12.00
# Visual Studio Version 17
VisualStudioVersion = 17.14.36511.14 d17.14
MinimumVisualStudioVersion = 10.0.40219.1
Project("{FAE04EC0-301F-11D3-BF4B-00C04F79EFBC}") = "ind_3_Kaigorodov", "ind_3_Kaigorodov\ind_3_Kaigorodov.csproj", "{07F5E65F-6A45-42FE-B6C8-652D72CF2DBA}"
EndProject
Global
	GlobalSection(SolutionConfigurationPlatforms) = preSolution
		Debug|Any CPU = Debug|Any CPU
		Release|Any CPU = Release|Any CPU
	EndGlobalSection
	GlobalSection(ProjectConfigurationPlatforms) = postSolution
		{07F5E65F-6A45-42FE-B6C8-652D72CF2DBA}.Debug|Any CPU.ActiveCfg = Debug|Any CPU
		{07F5E65F-6A45-42FE-B6C8-652D72CF2DBA}.Debug|Any CPU.Build.0 = Debug|Any CPU
		{07F5E65F-6A45-42FE-B6C8-652D72CF2DBA}.Release|Any CPU.ActiveCfg = Release|Any CPU
		{07F5E65F-6A45-42FE-B6C8-652D72CF2DBA}.Release|Any CPU.Build.0 = Release|Any CPU
	EndGlobalSection
	GlobalSection(SolutionProperties) = preSolution
		HideSolutionNode = FALSE
	EndGlobalSection
	GlobalSection(ExtensibilityGlobals) = postSolution
		SolutionGuid = {84E914BF-6630-489E-9296-FC64AABC78BA}
	EndGlobalSection
EndGlobal
